
Microsoft Visual Studio Solution File, Format Version 11.00
# Visual Studio 2010
Project("{FAE04EC0-301F-11D3-BF4B-00C04F79EFBC}") = "Dateizugriff", "Dateianbindung\Dateizugriff.csproj", "{003E2FA0-C28D-4D73-A46C-746875CAAB5D}"
EndProject
Project("{FAE04EC0-301F-11D3-BF4B-00C04F79EFBC}") = "Oberflaeche", "Oberflaeche\Oberflaeche.csproj", "{8C7C7071-9015-4D60-A07A-8BD777DC2E6C}"
EndProject
Project("{FAE04EC0-301F-11D3-BF4B-00C04F79EFBC}") = "Datenbindung", "Datenbindung\Datenbindung.csproj", "{1DD317F3-7134-4387-9AFD-D76208103354}"
EndProject
Project("{FAE04EC0-301F-11D3-BF4B-00C04F79EFBC}") = "Binding", "Binding\Binding.csproj", "{6E6A8A72-136F-429D-BB93-BC73F613DDAB}"
EndProject
Project("{FAE04EC0-301F-11D3-BF4B-00C04F79EFBC}") = "WpfDemo", "..\WpfDemo\WpfDemo\WpfDemo.csproj", "{867A6B14-CD25-4940-9C9B-C1FF67BE6BF0}"
EndProject
Global
	GlobalSection(SolutionConfigurationPlatforms) = preSolution
		Debug|x86 = Debug|x86
		Release|x86 = Release|x86
	EndGlobalSection
	GlobalSection(ProjectConfigurationPlatforms) = postSolution
		{003E2FA0-C28D-4D73-A46C-746875CAAB5D}.Debug|x86.ActiveCfg = Debug|x86
		{003E2FA0-C28D-4D73-A46C-746875CAAB5D}.Debug|x86.Build.0 = Debug|x86
		{003E2FA0-C28D-4D73-A46C-746875CAAB5D}.Release|x86.ActiveCfg = Release|x86
		{003E2FA0-C28D-4D73-A46C-746875CAAB5D}.Release|x86.Build.0 = Release|x86
		{8C7C7071-9015-4D60-A07A-8BD777DC2E6C}.Debug|x86.ActiveCfg = Debug|x86
		{8C7C7071-9015-4D60-A07A-8BD777DC2E6C}.Debug|x86.Build.0 = Debug|x86
		{8C7C7071-9015-4D60-A07A-8BD777DC2E6C}.Release|x86.ActiveCfg = Release|x86
		{8C7C7071-9015-4D60-A07A-8BD777DC2E6C}.Release|x86.Build.0 = Release|x86
		{1DD317F3-7134-4387-9AFD-D76208103354}.Debug|x86.ActiveCfg = Debug|x86
		{1DD317F3-7134-4387-9AFD-D76208103354}.Debug|x86.Build.0 = Debug|x86
		{1DD317F3-7134-4387-9AFD-D76208103354}.Release|x86.ActiveCfg = Release|x86
		{1DD317F3-7134-4387-9AFD-D76208103354}.Release|x86.Build.0 = Release|x86
		{6E6A8A72-136F-429D-BB93-BC73F613DDAB}.Debug|x86.ActiveCfg = Debug|x86
		{6E6A8A72-136F-429D-BB93-BC73F613DDAB}.Debug|x86.Build.0 = Debug|x86
		{6E6A8A72-136F-429D-BB93-BC73F613DDAB}.Release|x86.ActiveCfg = Release|x86
		{6E6A8A72-136F-429D-BB93-BC73F613DDAB}.Release|x86.Build.0 = Release|x86
		{867A6B14-CD25-4940-9C9B-C1FF67BE6BF0}.Debug|x86.ActiveCfg = Debug|x86
		{867A6B14-CD25-4940-9C9B-C1FF67BE6BF0}.Debug|x86.Build.0 = Debug|x86
		{867A6B14-CD25-4940-9C9B-C1FF67BE6BF0}.Release|x86.ActiveCfg = Release|x86
		{867A6B14-CD25-4940-9C9B-C1FF67BE6BF0}.Release|x86.Build.0 = Release|x86
	EndGlobalSection
	GlobalSection(SolutionProperties) = preSolution
		HideSolutionNode = FALSE
	EndGlobalSection
EndGlobal
